{
  "version": 4,
  "terraform_version": "0.12.16",
  "serial": 5,
  "lineage": "cd63b009-0450-68dd-e6c6-d00b8c435b18",
  "outputs": {},
  "resources": [
    {
      "mode": "managed",
      "type": "digitalocean_droplet",
      "name": "jenkins",
      "provider": "provider.digitalocean",
      "instances": [
        {
          "schema_version": 1,
          "attributes": {
            "backups": false,
            "created_at": "2019-11-24T14:50:08Z",
            "disk": 25,
            "id": "168493808",
            "image": "ubuntu-18-04-x64",
            "ipv4_address": "165.22.64.71",
            "ipv4_address_private": "10.135.139.65",
            "ipv6": false,
            "ipv6_address": "",
            "ipv6_address_private": null,
            "locked": false,
            "memory": 1024,
            "monitoring": false,
            "name": "jenkins",
            "price_hourly": 0.00744,
            "price_monthly": 5,
            "private_networking": true,
            "region": "fra1",
            "resize_disk": true,
            "size": "s-1vcpu-1gb",
            "ssh_keys": [
              "1e:5b:78:b9:30:cc:35:f8:b0:ba:0c:99:99:38:28:16"
            ],
            "status": "active",
            "tags": null,
            "urn": "do:droplet:168493808",
            "user_data": null,
            "vcpus": 1,
            "volume_ids": []
          },
          "private": "eyJzY2hlbWFfdmVyc2lvbiI6IjEifQ=="
        }
      ]
    },
    {
      "mode": "managed",
      "type": "digitalocean_droplet",
      "name": "liferay",
      "provider": "provider.digitalocean",
      "instances": [
        {
          "schema_version": 1,
          "attributes": {
            "backups": false,
            "created_at": "2019-11-24T14:50:07Z",
            "disk": 60,
            "id": "168493806",
            "image": "ubuntu-18-04-x64",
            "ipv4_address": "46.101.254.121",
            "ipv4_address_private": "10.135.136.110",
            "ipv6": false,
            "ipv6_address": "",
            "ipv6_address_private": null,
            "locked": false,
            "memory": 3072,
            "monitoring": false,
            "name": "liferay",
            "price_hourly": 0.02232,
            "price_monthly": 15,
            "private_networking": true,
            "region": "fra1",
            "resize_disk": true,
            "size": "s-1vcpu-3gb",
            "ssh_keys": [
              "1e:5b:78:b9:30:cc:35:f8:b0:ba:0c:99:99:38:28:16"
            ],
            "status": "active",
            "tags": null,
            "urn": "do:droplet:168493806",
            "user_data": null,
            "vcpus": 1,
            "volume_ids": []
          },
          "private": "eyJzY2hlbWFfdmVyc2lvbiI6IjEifQ=="
        }
      ]
    },
    {
      "mode": "managed",
      "type": "digitalocean_droplet",
      "name": "psql",
      "provider": "provider.digitalocean",
      "instances": [
        {
          "schema_version": 1,
          "attributes": {
            "backups": false,
            "created_at": "2019-11-24T14:50:07Z",
            "disk": 25,
            "id": "168493807",
            "image": "ubuntu-18-04-x64",
            "ipv4_address": "134.209.249.188",
            "ipv4_address_private": "10.135.136.238",
            "ipv6": false,
            "ipv6_address": "",
            "ipv6_address_private": null,
            "locked": false,
            "memory": 1024,
            "monitoring": false,
            "name": "psql",
            "price_hourly": 0.00744,
            "price_monthly": 5,
            "private_networking": true,
            "region": "fra1",
            "resize_disk": true,
            "size": "s-1vcpu-1gb",
            "ssh_keys": [
              "1e:5b:78:b9:30:cc:35:f8:b0:ba:0c:99:99:38:28:16"
            ],
            "status": "active",
            "tags": null,
            "urn": "do:droplet:168493807",
            "user_data": null,
            "vcpus": 1,
            "volume_ids": []
          },
          "private": "eyJzY2hlbWFfdmVyc2lvbiI6IjEifQ=="
        }
      ]
    }
  ]
}
